[[package]]
name = "fastapi"
version = "0.109.0"
description = "FastAPI framework, high performance, easy to learn, fast to code, ready for production"
category = "main"
optional = false
python-versions = ">=3.8"
files = [
    {file = "fastapi-0.109.0.tar.gz", hash = "sha256:4ce7c1afb5f3756072fa1c99b826820fa786faaa792c4ca88c9ad95d139f35fe"},
]

[package.dependencies]
pydantic = ">=1.7.4,<3.0.0"
starlette = ">=0.27.0,<0.28.0"
typing-extensions = ">=4.8.0"

[[package]]
name = "sqlalchemy"
version = "2.0.25"
description = "Database Abstraction Library"
category = "main"
optional = false
python-versions = ">=3.7"
files = [
    {file = "SQLAlchemy-2.0.25.tar.gz", hash = "sha256:d0eebf0c6d279c1b84dbb77e042aee9404cc0c0061978515c512f3255f7ad544"},
]

[package.dependencies]
greenlet = {version = "!=0.4.17", markers = "platform_machine == \"aarch64\" or platform_machine == \"ppc64le\" or platform_machine == \"x86_64\" or platform_machine == \"amd64\" or platform_machine == \"AMD64\" or platform_machine == \"win32\" or platform_machine == \"WIN32\""}
typing-extensions = ">=4.2.0"

[[package]]
name = "pydantic"
version = "2.6.0"
description = "Data validation using Python type hints"
category = "main"
optional = false
python-versions = ">=3.7"
files = [
    {file = "pydantic-2.6.0.tar.gz", hash = "sha256:d12f2ddb159c1b6f2c8927be7971fb65ba522dcd36d1c9303fc5b535adc7c4b0"},
]

[package.dependencies]
annotated-types = ">=0.4.0"
pydantic-core = ">=2.16.1,<3.0.0"
typing-extensions = ">=4.6.1"

[[package]]
name = "uvicorn"
version = "0.27.0"
description = "The lightning-fast ASGI server."
category = "main"
optional = false
python-versions = ">=3.8"
files = [
    {file = "uvicorn-0.27.0.tar.gz", hash = "sha256:8deaa4e25a89e97b7c20f01350c2964df5c95c832b4c9abc0be651883e4af201"},
]

[package.dependencies]
click = ">=7.0"
h11 = ">=0.8"

[[package]]
name = "httpx"
version = "0.26.0"
description = "The next generation HTTP client."
category = "main"
optional = false
python-versions = ">=3.8"
files = [
    {file = "httpx-0.26.0.tar.gz", hash = "sha256:8915f5a3627c4b007452c349b75e170a87aaa2d8d2b4d3ab48248beff0c4b49d"},
]

[package.dependencies]
certifi = "*"
httpcore = ">=1.0.0,<2.0.0"
idna = "*"
sniffio = "*"

[[package]]
name = "alembic"
version = "1.13.1"
description = "A database migration tool for SQLAlchemy."
category = "main"
optional = false
python-versions = ">=3.8"
files = [
    {file = "alembic-1.13.1.tar.gz", hash = "sha256:4932c8558bf68f2ee92b9bbcb8218671c627064d5b08939437af6d77dc05e595"},
]

[package.dependencies]
Mako = "*"
SQLAlchemy = ">=1.3.0"
typing-extensions = ">=4"

[[package]]
name = "python-jose"
version = "3.3.0"
description = "JOSE implementation in Python"
category = "main"
optional = false
python-versions = "*"
files = [
    {file = "python-jose-3.3.0.tar.gz", hash = "sha256:55779b5e6ad599c6336191246e95eb2293a9ddebd555f796a65f838f07e5d78a"},
]

[package.dependencies]
ecdsa = "!=0.15"
pyasn1 = "*"
rsa = "*"
cryptography = {version = "*", optional = true}

[[package]]
name = "passlib"
version = "1.7.4"
description = "comprehensive password hashing framework supporting over 30 schemes"
category = "main"
optional = false
python-versions = "*"
files = [
    {file = "passlib-1.7.4.tar.gz", hash = "sha256:defd50f72b65c5402ab2c573830a6978e5f202ad0d984793c8dde2c4152ebe04"},
]

[package.dependencies]
bcrypt = {version = ">=3.1.0", optional = true}

[build-system]
requires = ["poetry-core"]
build-backend = "poetry.core.masonry.api"